// !$*UTF8*$!
{
	archiveVersion = 1;
	classes = {
	};
	objectVersion = 55;
	objects = {

/* Begin PBXBuildFile section */
		182702C1297BF871009C3B12 /* Author.swift in Sources */ = {isa = PBXBuildFile; fileRef = 182702C0297BF871009C3B12 /* Author.swift */; };
		182702C3297C01BE009C3B12 /* About.swift in Sources */ = {isa = PBXBuildFile; fileRef = 182702C2297C01BE009C3B12 /* About.swift */; };
		182702C5297C17F0009C3B12 /* User.swift in Sources */ = {isa = PBXBuildFile; fileRef = 182702C4297C17F0009C3B12 /* User.swift */; };
		182702C7297C1816009C3B12 /* Network.swift in Sources */ = {isa = PBXBuildFile; fileRef = 182702C6297C1816009C3B12 /* Network.swift */; };
		182702C9297C25F5009C3B12 /* UserValidation.swift in Sources */ = {isa = PBXBuildFile; fileRef = 182702C8297C25F5009C3B12 /* UserValidation.swift */; };
		182702CB297C5452009C3B12 /* NewDatabase.swift in Sources */ = {isa = PBXBuildFile; fileRef = 182702CA297C5452009C3B12 /* NewDatabase.swift */; };
		182702CD297D5FF4009C3B12 /* Media.swift in Sources */ = {isa = PBXBuildFile; fileRef = 182702CC297D5FF4009C3B12 /* Media.swift */; };
		182702D12981E1F2009C3B12 /* PhraseBar.swift in Sources */ = {isa = PBXBuildFile; fileRef = 182702D02981E1F2009C3B12 /* PhraseBar.swift */; };
		182702D32981E49B009C3B12 /* PhraseBarView.swift in Sources */ = {isa = PBXBuildFile; fileRef = 182702D22981E49B009C3B12 /* PhraseBarView.swift */; };
		182702D529874ED1009C3B12 /* Query.swift in Sources */ = {isa = PBXBuildFile; fileRef = 182702D429874ED1009C3B12 /* Query.swift */; };
		1843E630296BBFC800663122 /* SharingDialog.swift in Sources */ = {isa = PBXBuildFile; fileRef = 1843E62F296BBFC800663122 /* SharingDialog.swift */; };
		187FFB0D29D85D6B00D91F66 /* EditCell.swift in Sources */ = {isa = PBXBuildFile; fileRef = 187FFB0C29D85D6B00D91F66 /* EditCell.swift */; };
		1886DBB529CFBC1D00CF4011 /* Convertable.swift in Sources */ = {isa = PBXBuildFile; fileRef = 1886DBB229CFBC1D00CF4011 /* Convertable.swift */; };
		1886DBB629CFBC1D00CF4011 /* GetPost.swift in Sources */ = {isa = PBXBuildFile; fileRef = 1886DBB329CFBC1D00CF4011 /* GetPost.swift */; };
		1886DBB729CFBC1D00CF4011 /* Library.swift in Sources */ = {isa = PBXBuildFile; fileRef = 1886DBB429CFBC1D00CF4011 /* Library.swift */; };
		1886DBB929CFBC4400CF4011 /* LibraryView.swift in Sources */ = {isa = PBXBuildFile; fileRef = 1886DBB829CFBC4400CF4011 /* LibraryView.swift */; };
		18A6BE81295FB1B80039B5D4 /* File.swift in Sources */ = {isa = PBXBuildFile; fileRef = 18A6BE80295FB1B80039B5D4 /* File.swift */; };
		18A6BE8429607FA30039B5D4 /* BoardState.swift in Sources */ = {isa = PBXBuildFile; fileRef = 18A6BE8329607FA30039B5D4 /* BoardState.swift */; };
		18A6BE89296083450039B5D4 /* FMDB in Frameworks */ = {isa = PBXBuildFile; productRef = 18A6BE88296083450039B5D4 /* FMDB */; };
		18A6BEA4296089CC0039B5D4 /* Board.swift in Sources */ = {isa = PBXBuildFile; fileRef = 18A6BEA3296089CC0039B5D4 /* Board.swift */; };
		18A6BEA62960A8B70039B5D4 /* Content.swift in Sources */ = {isa = PBXBuildFile; fileRef = 18A6BEA52960A8B70039B5D4 /* Content.swift */; };
		18A6BEA82960BCCB0039B5D4 /* ContentView.swift in Sources */ = {isa = PBXBuildFile; fileRef = 18A6BEA72960BCCB0039B5D4 /* ContentView.swift */; };
		18A6BEEC2960ECB60039B5D4 /* Needs.mp3 in Resources */ = {isa = PBXBuildFile; fileRef = 18A6BEEB2960ECB60039B5D4 /* Needs.mp3 */; };
		18A6BEEE296211C90039B5D4 /* 3softtacos.mp3 in Resources */ = {isa = PBXBuildFile; fileRef = 18A6BEED296211C80039B5D4 /* 3softtacos.mp3 */; };
		18A6BEF1296211DB0039B5D4 /* Breakfast.mp3 in Resources */ = {isa = PBXBuildFile; fileRef = 18A6BEEF296211DB0039B5D4 /* Breakfast.mp3 */; };
		18A6BEF2296211DB0039B5D4 /* Drinks.mp3 in Resources */ = {isa = PBXBuildFile; fileRef = 18A6BEF0296211DB0039B5D4 /* Drinks.mp3 */; };
		18A6BEFB296211FD0039B5D4 /* Snack.mp3 in Resources */ = {isa = PBXBuildFile; fileRef = 18A6BEF3296211FD0039B5D4 /* Snack.mp3 */; };
		18A6BEFC296211FD0039B5D4 /* Greetings_Manners.mp3 in Resources */ = {isa = PBXBuildFile; fileRef = 18A6BEF4296211FD0039B5D4 /* Greetings_Manners.mp3 */; };
		18A6BEFD296211FD0039B5D4 /* Lunch_Dinner.mp3 in Resources */ = {isa = PBXBuildFile; fileRef = 18A6BEF5296211FD0039B5D4 /* Lunch_Dinner.mp3 */; };
		18A6BEFE296211FD0039B5D4 /* I_need_help.mp3 in Resources */ = {isa = PBXBuildFile; fileRef = 18A6BEF6296211FD0039B5D4 /* I_need_help.mp3 */; };
		18A6BEFF296211FD0039B5D4 /* No.mp3 in Resources */ = {isa = PBXBuildFile; fileRef = 18A6BEF7296211FD0039B5D4 /* No.mp3 */; };
		18A6BF00296211FD0039B5D4 /* MynameisMichael.mp3 in Resources */ = {isa = PBXBuildFile; fileRef = 18A6BEF8296211FD0039B5D4 /* MynameisMichael.mp3 */; };
		18A6BF01296211FD0039B5D4 /* Food.mp3 in Resources */ = {isa = PBXBuildFile; fileRef = 18A6BEF9296211FD0039B5D4 /* Food.mp3 */; };
		18A6BF02296211FD0039B5D4 /* Yes.mp3 in Resources */ = {isa = PBXBuildFile; fileRef = 18A6BEFA296211FD0039B5D4 /* Yes.mp3 */; };
		18A6BF04296253060039B5D4 /* AppContainer.swift in Sources */ = {isa = PBXBuildFile; fileRef = 18A6BF03296253060039B5D4 /* AppContainer.swift */; };
		18A6BF06296359B40039B5D4 /* Settings.bundle in Resources */ = {isa = PBXBuildFile; fileRef = 18A6BF05296359B30039B5D4 /* Settings.bundle */; };
		18C245A929FD814500008D38 /* BoardSortOrder.swift in Sources */ = {isa = PBXBuildFile; fileRef = 18C245A829FD814500008D38 /* BoardSortOrder.swift */; };
		18CE4C56295FAC2000D349A3 /* testApp.swift in Sources */ = {isa = PBXBuildFile; fileRef = 18CE4C55295FAC2000D349A3 /* testApp.swift */; };
		18CE4C58295FAC2000D349A3 /* BoardView.swift in Sources */ = {isa = PBXBuildFile; fileRef = 18CE4C57295FAC2000D349A3 /* BoardView.swift */; };
		18CE4C5A295FAC2400D349A3 /* Assets.xcassets in Resources */ = {isa = PBXBuildFile; fileRef = 18CE4C59295FAC2400D349A3 /* Assets.xcassets */; };
		18CE4C5D295FAC2400D349A3 /* Preview Assets.xcassets in Resources */ = {isa = PBXBuildFile; fileRef = 18CE4C5C295FAC2400D349A3 /* Preview Assets.xcassets */; };
		18D5572029B50D6F00DE584B /* LibraryDialog.swift in Sources */ = {isa = PBXBuildFile; fileRef = 18D5571F29B50D6F00DE584B /* LibraryDialog.swift */; };
		18D89A422969086000BAF565 /* sample.sqlite in Resources */ = {isa = PBXBuildFile; fileRef = 18D89A412969086000BAF565 /* sample.sqlite */; };
		18E02A2129D9E8030057E4C3 /* Rotate.swift in Sources */ = {isa = PBXBuildFile; fileRef = 18E02A2029D9E8030057E4C3 /* Rotate.swift */; };
		18EA71BD2974E653005477CE /* AlertToast in Frameworks */ = {isa = PBXBuildFile; productRef = 18EA71BC2974E653005477CE /* AlertToast */; };
		18EA71BF2974FDFA005477CE /* AppState.swift in Sources */ = {isa = PBXBuildFile; fileRef = 18EA71BE2974FDFA005477CE /* AppState.swift */; };
		18EA71C129750667005477CE /* VolumeSlider.swift in Sources */ = {isa = PBXBuildFile; fileRef = 18EA71C029750667005477CE /* VolumeSlider.swift */; };
		18EA71C329750A39005477CE /* VolumeDialog.swift in Sources */ = {isa = PBXBuildFile; fileRef = 18EA71C229750A39005477CE /* VolumeDialog.swift */; };
		18EA71C52975B18E005477CE /* DisclosureIndicator.swift in Sources */ = {isa = PBXBuildFile; fileRef = 18EA71C42975B18E005477CE /* DisclosureIndicator.swift */; };
		18EA71C72975B1D8005477CE /* ContentListRow.swift in Sources */ = {isa = PBXBuildFile; fileRef = 18EA71C62975B1D8005477CE /* ContentListRow.swift */; };
		18EA71C92975B889005477CE /* ContentGridCell.swift in Sources */ = {isa = PBXBuildFile; fileRef = 18EA71C82975B889005477CE /* ContentGridCell.swift */; };
		18EA71CB2978EC19005477CE /* Speak.swift in Sources */ = {isa = PBXBuildFile; fileRef = 18EA71CA2978EC19005477CE /* Speak.swift */; };
/* End PBXBuildFile section */

/* Begin PBXFileReference section */
		182702C0297BF871009C3B12 /* Author.swift */ = {isa = PBXFileReference; lastKnownFileType = sourcecode.swift; path = Author.swift; sourceTree = "<group>"; };
		182702C2297C01BE009C3B12 /* About.swift */ = {isa = PBXFileReference; lastKnownFileType = sourcecode.swift; path = About.swift; sourceTree = "<group>"; };
		182702C4297C17F0009C3B12 /* User.swift */ = {isa = PBXFileReference; lastKnownFileType = sourcecode.swift; path = User.swift; sourceTree = "<group>"; };
		182702C6297C1816009C3B12 /* Network.swift */ = {isa = PBXFileReference; lastKnownFileType = sourcecode.swift; path = Network.swift; sourceTree = "<group>"; };
		182702C8297C25F5009C3B12 /* UserValidation.swift */ = {isa = PBXFileReference; lastKnownFileType = sourcecode.swift; path = UserValidation.swift; sourceTree = "<group>"; };
		182702CA297C5452009C3B12 /* NewDatabase.swift */ = {isa = PBXFileReference; lastKnownFileType = sourcecode.swift; path = NewDatabase.swift; sourceTree = "<group>"; };
		182702CC297D5FF4009C3B12 /* Media.swift */ = {isa = PBXFileReference; lastKnownFileType = sourcecode.swift; path = Media.swift; sourceTree = "<group>"; };
		182702D02981E1F2009C3B12 /* PhraseBar.swift */ = {isa = PBXFileReference; lastKnownFileType = sourcecode.swift; path = PhraseBar.swift; sourceTree = "<group>"; };
		182702D22981E49B009C3B12 /* PhraseBarView.swift */ = {isa = PBXFileReference; fileEncoding = 4; lastKnownFileType = sourcecode.swift; path = PhraseBarView.swift; sourceTree = "<group>"; };
		182702D429874ED1009C3B12 /* Query.swift */ = {isa = PBXFileReference; lastKnownFileType = sourcecode.swift; path = Query.swift; sourceTree = "<group>"; };
		1843E62F296BBFC800663122 /* SharingDialog.swift */ = {isa = PBXFileReference; lastKnownFileType = sourcecode.swift; path = SharingDialog.swift; sourceTree = "<group>"; };
		187FFB0C29D85D6B00D91F66 /* EditCell.swift */ = {isa = PBXFileReference; lastKnownFileType = sourcecode.swift; name = EditCell.swift; path = ../../../../../../../Monterey/Users/kennethstott/test/mytalktools/test/Dialogs/EditCell.swift; sourceTree = "<group>"; };
		1883BF872991B93D00395772 /* test.entitlements */ = {isa = PBXFileReference; lastKnownFileType = text.plist.entitlements; path = test.entitlements; sourceTree = "<group>"; };
		1883BF882991BA7600395772 /* Info.plist */ = {isa = PBXFileReference; lastKnownFileType = text.plist; path = Info.plist; sourceTree = "<group>"; };
		1886DBB229CFBC1D00CF4011 /* Convertable.swift */ = {isa = PBXFileReference; fileEncoding = 4; lastKnownFileType = sourcecode.swift; path = Convertable.swift; sourceTree = "<group>"; };
		1886DBB329CFBC1D00CF4011 /* GetPost.swift */ = {isa = PBXFileReference; fileEncoding = 4; lastKnownFileType = sourcecode.swift; path = GetPost.swift; sourceTree = "<group>"; };
		1886DBB429CFBC1D00CF4011 /* Library.swift */ = {isa = PBXFileReference; fileEncoding = 4; lastKnownFileType = sourcecode.swift; path = Library.swift; sourceTree = "<group>"; };
		1886DBB829CFBC4400CF4011 /* LibraryView.swift */ = {isa = PBXFileReference; fileEncoding = 4; lastKnownFileType = sourcecode.swift; path = LibraryView.swift; sourceTree = "<group>"; };
		18A6BE80295FB1B80039B5D4 /* File.swift */ = {isa = PBXFileReference; lastKnownFileType = sourcecode.swift; path = File.swift; sourceTree = "<group>"; };
		18A6BE8329607FA30039B5D4 /* BoardState.swift */ = {isa = PBXFileReference; lastKnownFileType = sourcecode.swift; path = BoardState.swift; sourceTree = "<group>"; };
		18A6BEA3296089CC0039B5D4 /* Board.swift */ = {isa = PBXFileReference; lastKnownFileType = sourcecode.swift; path = Board.swift; sourceTree = "<group>"; };
		18A6BEA52960A8B70039B5D4 /* Content.swift */ = {isa = PBXFileReference; lastKnownFileType = sourcecode.swift; path = Content.swift; sourceTree = "<group>"; };
		18A6BEA72960BCCB0039B5D4 /* ContentView.swift */ = {isa = PBXFileReference; lastKnownFileType = sourcecode.swift; path = ContentView.swift; sourceTree = "<group>"; };
		18A6BEEB2960ECB60039B5D4 /* Needs.mp3 */ = {isa = PBXFileReference; lastKnownFileType = audio.mp3; path = Needs.mp3; sourceTree = "<group>"; };
		18A6BEED296211C80039B5D4 /* 3softtacos.mp3 */ = {isa = PBXFileReference; lastKnownFileType = audio.mp3; path = 3softtacos.mp3; sourceTree = "<group>"; };
		18A6BEEF296211DB0039B5D4 /* Breakfast.mp3 */ = {isa = PBXFileReference; lastKnownFileType = audio.mp3; path = Breakfast.mp3; sourceTree = "<group>"; };
		18A6BEF0296211DB0039B5D4 /* Drinks.mp3 */ = {isa = PBXFileReference; lastKnownFileType = audio.mp3; path = Drinks.mp3; sourceTree = "<group>"; };
		18A6BEF3296211FD0039B5D4 /* Snack.mp3 */ = {isa = PBXFileReference; lastKnownFileType = audio.mp3; path = Snack.mp3; sourceTree = "<group>"; };
		18A6BEF4296211FD0039B5D4 /* Greetings_Manners.mp3 */ = {isa = PBXFileReference; lastKnownFileType = audio.mp3; path = Greetings_Manners.mp3; sourceTree = "<group>"; };
		18A6BEF5296211FD0039B5D4 /* Lunch_Dinner.mp3 */ = {isa = PBXFileReference; lastKnownFileType = audio.mp3; path = Lunch_Dinner.mp3; sourceTree = "<group>"; };
		18A6BEF6296211FD0039B5D4 /* I_need_help.mp3 */ = {isa = PBXFileReference; lastKnownFileType = audio.mp3; path = I_need_help.mp3; sourceTree = "<group>"; };
		18A6BEF7296211FD0039B5D4 /* No.mp3 */ = {isa = PBXFileReference; lastKnownFileType = audio.mp3; path = No.mp3; sourceTree = "<group>"; };
		18A6BEF8296211FD0039B5D4 /* MynameisMichael.mp3 */ = {isa = PBXFileReference; lastKnownFileType = audio.mp3; path = MynameisMichael.mp3; sourceTree = "<group>"; };
		18A6BEF9296211FD0039B5D4 /* Food.mp3 */ = {isa = PBXFileReference; lastKnownFileType = audio.mp3; path = Food.mp3; sourceTree = "<group>"; };
		18A6BEFA296211FD0039B5D4 /* Yes.mp3 */ = {isa = PBXFileReference; lastKnownFileType = audio.mp3; path = Yes.mp3; sourceTree = "<group>"; };
		18A6BF03296253060039B5D4 /* AppContainer.swift */ = {isa = PBXFileReference; lastKnownFileType = sourcecode.swift; path = AppContainer.swift; sourceTree = "<group>"; };
		18A6BF05296359B30039B5D4 /* Settings.bundle */ = {isa = PBXFileReference; lastKnownFileType = "wrapper.plug-in"; path = Settings.bundle; sourceTree = "<group>"; };
		18C245A829FD814500008D38 /* BoardSortOrder.swift */ = {isa = PBXFileReference; lastKnownFileType = sourcecode.swift; path = BoardSortOrder.swift; sourceTree = "<group>"; };
		18CE4C52295FAC2000D349A3 /* test.app */ = {isa = PBXFileReference; explicitFileType = wrapper.application; includeInIndex = 0; path = test.app; sourceTree = BUILT_PRODUCTS_DIR; };
		18CE4C55295FAC2000D349A3 /* testApp.swift */ = {isa = PBXFileReference; lastKnownFileType = sourcecode.swift; path = testApp.swift; sourceTree = "<group>"; };
		18CE4C57295FAC2000D349A3 /* BoardView.swift */ = {isa = PBXFileReference; lastKnownFileType = sourcecode.swift; path = BoardView.swift; sourceTree = "<group>"; };
		18CE4C59295FAC2400D349A3 /* Assets.xcassets */ = {isa = PBXFileReference; lastKnownFileType = folder.assetcatalog; path = Assets.xcassets; sourceTree = "<group>"; };
		18CE4C5C295FAC2400D349A3 /* Preview Assets.xcassets */ = {isa = PBXFileReference; lastKnownFileType = folder.assetcatalog; path = "Preview Assets.xcassets"; sourceTree = "<group>"; };
		18D5571F29B50D6F00DE584B /* LibraryDialog.swift */ = {isa = PBXFileReference; lastKnownFileType = sourcecode.swift; path = LibraryDialog.swift; sourceTree = "<group>"; };
		18D89A412969086000BAF565 /* sample.sqlite */ = {isa = PBXFileReference; lastKnownFileType = file; path = sample.sqlite; sourceTree = "<group>"; };
		18E02A2029D9E8030057E4C3 /* Rotate.swift */ = {isa = PBXFileReference; lastKnownFileType = sourcecode.swift; name = Rotate.swift; path = ../../../../../../../Monterey/Users/kennethstott/test/mytalktools/test/Extensions/Rotate.swift; sourceTree = "<group>"; };
		18EA71BE2974FDFA005477CE /* AppState.swift */ = {isa = PBXFileReference; lastKnownFileType = sourcecode.swift; path = AppState.swift; sourceTree = "<group>"; };
		18EA71C029750667005477CE /* VolumeSlider.swift */ = {isa = PBXFileReference; lastKnownFileType = sourcecode.swift; path = VolumeSlider.swift; sourceTree = "<group>"; };
		18EA71C229750A39005477CE /* VolumeDialog.swift */ = {isa = PBXFileReference; lastKnownFileType = sourcecode.swift; path = VolumeDialog.swift; sourceTree = "<group>"; };
		18EA71C42975B18E005477CE /* DisclosureIndicator.swift */ = {isa = PBXFileReference; lastKnownFileType = sourcecode.swift; path = DisclosureIndicator.swift; sourceTree = "<group>"; };
		18EA71C62975B1D8005477CE /* ContentListRow.swift */ = {isa = PBXFileReference; lastKnownFileType = sourcecode.swift; path = ContentListRow.swift; sourceTree = "<group>"; };
		18EA71C82975B889005477CE /* ContentGridCell.swift */ = {isa = PBXFileReference; lastKnownFileType = sourcecode.swift; path = ContentGridCell.swift; sourceTree = "<group>"; };
		18EA71CA2978EC19005477CE /* Speak.swift */ = {isa = PBXFileReference; lastKnownFileType = sourcecode.swift; path = Speak.swift; sourceTree = "<group>"; };
/* End PBXFileReference section */

/* Begin PBXFrameworksBuildPhase section */
		18CE4C4F295FAC2000D349A3 /* Frameworks */ = {
			isa = PBXFrameworksBuildPhase;
			buildActionMask = 2147483647;
			files = (
				18A6BE89296083450039B5D4 /* FMDB in Frameworks */,
				18EA71BD2974E653005477CE /* AlertToast in Frameworks */,
			);
			runOnlyForDeploymentPostprocessing = 0;
		};
/* End PBXFrameworksBuildPhase section */

/* Begin PBXGroup section */
		182702D6298894D5009C3B12 /* Database */ = {
			isa = PBXGroup;
			children = (
				18A6BEA3296089CC0039B5D4 /* Board.swift */,
				18A6BEA52960A8B70039B5D4 /* Content.swift */,
			);
			path = Database;
			sourceTree = "<group>";
		};
		182702D7298894F5009C3B12 /* Remote */ = {
			isa = PBXGroup;
			children = (
				1886DBB229CFBC1D00CF4011 /* Convertable.swift */,
				1886DBB329CFBC1D00CF4011 /* GetPost.swift */,
				1886DBB429CFBC1D00CF4011 /* Library.swift */,
				182702C8297C25F5009C3B12 /* UserValidation.swift */,
				182702CA297C5452009C3B12 /* NewDatabase.swift */,
				182702D429874ED1009C3B12 /* Query.swift */,
				182702C6297C1816009C3B12 /* Network.swift */,
				182702C4297C17F0009C3B12 /* User.swift */,
				182702CC297D5FF4009C3B12 /* Media.swift */,
			);
			path = Remote;
			sourceTree = "<group>";
		};
		182702D829889631009C3B12 /* Views */ = {
			isa = PBXGroup;
			children = (
				1886DBB829CFBC4400CF4011 /* LibraryView.swift */,
				18D5571F29B50D6F00DE584B /* LibraryDialog.swift */,
				182702D22981E49B009C3B12 /* PhraseBarView.swift */,
				18A6BF03296253060039B5D4 /* AppContainer.swift */,
				18CE4C57295FAC2000D349A3 /* BoardView.swift */,
				18A6BEA72960BCCB0039B5D4 /* ContentView.swift */,
				18EA71C42975B18E005477CE /* DisclosureIndicator.swift */,
				18EA71C62975B1D8005477CE /* ContentListRow.swift */,
				18EA71C82975B889005477CE /* ContentGridCell.swift */,
			);
			path = Views;
			sourceTree = "<group>";
		};
		1843E631296C4EA700663122 /* Dialogs */ = {
			isa = PBXGroup;
			children = (
				1843E62F296BBFC800663122 /* SharingDialog.swift */,
				18EA71C029750667005477CE /* VolumeSlider.swift */,
				18EA71C229750A39005477CE /* VolumeDialog.swift */,
				182702C0297BF871009C3B12 /* Author.swift */,
				182702C2297C01BE009C3B12 /* About.swift */,
				187FFB0C29D85D6B00D91F66 /* EditCell.swift */,
				18C245A829FD814500008D38 /* BoardSortOrder.swift */,
			);
			path = Dialogs;
			sourceTree = "<group>";
		};
		18A6BEA2296089B60039B5D4 /* Models */ = {
			isa = PBXGroup;
			children = (
				182702D7298894F5009C3B12 /* Remote */,
				182702D6298894D5009C3B12 /* Database */,
				18A6BE8329607FA30039B5D4 /* BoardState.swift */,
				18EA71BE2974FDFA005477CE /* AppState.swift */,
				182702D02981E1F2009C3B12 /* PhraseBar.swift */,
				18EA71CA2978EC19005477CE /* Speak.swift */,
			);
			path = Models;
			sourceTree = "<group>";
		};
		18CE4C49295FAC2000D349A3 = {
			isa = PBXGroup;
			children = (
				18A6BEA2296089B60039B5D4 /* Models */,
				18CE4C7C295FAD5100D349A3 /* Resources */,
				18CE4C54295FAC2000D349A3 /* test */,
				18CE4C53295FAC2000D349A3 /* Products */,
			);
			sourceTree = "<group>";
		};
		18CE4C53295FAC2000D349A3 /* Products */ = {
			isa = PBXGroup;
			children = (
				18CE4C52295FAC2000D349A3 /* test.app */,
			);
			name = Products;
			sourceTree = "<group>";
		};
		18CE4C54295FAC2000D349A3 /* test */ = {
			isa = PBXGroup;
			children = (
				18E02A1F29D9E7EB0057E4C3 /* Extensions */,
				1883BF882991BA7600395772 /* Info.plist */,
				1883BF872991B93D00395772 /* test.entitlements */,
				182702D829889631009C3B12 /* Views */,
				1843E631296C4EA700663122 /* Dialogs */,
				18CE4C59295FAC2400D349A3 /* Assets.xcassets */,
				18A6BE80295FB1B80039B5D4 /* File.swift */,
				18CE4C5B295FAC2400D349A3 /* Preview Content */,
				18CE4C55295FAC2000D349A3 /* testApp.swift */,
			);
			path = test;
			sourceTree = "<group>";
		};
		18CE4C5B295FAC2400D349A3 /* Preview Content */ = {
			isa = PBXGroup;
			children = (
				18CE4C5C295FAC2400D349A3 /* Preview Assets.xcassets */,
			);
			path = "Preview Content";
			sourceTree = "<group>";
		};
		18CE4C7C295FAD5100D349A3 /* Resources */ = {
			isa = PBXGroup;
			children = (
				18A6BEED296211C80039B5D4 /* 3softtacos.mp3 */,
				18A6BEEF296211DB0039B5D4 /* Breakfast.mp3 */,
				18A6BEF0296211DB0039B5D4 /* Drinks.mp3 */,
				18A6BEF9296211FD0039B5D4 /* Food.mp3 */,
				18A6BEF4296211FD0039B5D4 /* Greetings_Manners.mp3 */,
				18A6BEF6296211FD0039B5D4 /* I_need_help.mp3 */,
				18D89A412969086000BAF565 /* sample.sqlite */,
				18A6BEF5296211FD0039B5D4 /* Lunch_Dinner.mp3 */,
				18A6BEF8296211FD0039B5D4 /* MynameisMichael.mp3 */,
				18A6BEEB2960ECB60039B5D4 /* Needs.mp3 */,
				18A6BEF7296211FD0039B5D4 /* No.mp3 */,
				18A6BEF3296211FD0039B5D4 /* Snack.mp3 */,
				18A6BEFA296211FD0039B5D4 /* Yes.mp3 */,
				18A6BF05296359B30039B5D4 /* Settings.bundle */,
			);
			path = Resources;
			sourceTree = "<group>";
		};
		18E02A1F29D9E7EB0057E4C3 /* Extensions */ = {
			isa = PBXGroup;
			children = (
				18E02A2029D9E8030057E4C3 /* Rotate.swift */,
			);
			path = Extensions;
			sourceTree = "<group>";
		};
/* End PBXGroup section */

/* Begin PBXNativeTarget section */
		18CE4C51295FAC2000D349A3 /* test */ = {
			isa = PBXNativeTarget;
			buildConfigurationList = 18CE4C60295FAC2400D349A3 /* Build configuration list for PBXNativeTarget "test" */;
			buildPhases = (
				18CE4C4E295FAC2000D349A3 /* Sources */,
				18CE4C4F295FAC2000D349A3 /* Frameworks */,
				18CE4C50295FAC2000D349A3 /* Resources */,
			);
			buildRules = (
			);
			dependencies = (
			);
			name = test;
			packageProductDependencies = (
				18A6BE88296083450039B5D4 /* FMDB */,
				18EA71BC2974E653005477CE /* AlertToast */,
			);
			productName = test;
			productReference = 18CE4C52295FAC2000D349A3 /* test.app */;
			productType = "com.apple.product-type.application";
		};
/* End PBXNativeTarget section */

/* Begin PBXProject section */
		18CE4C4A295FAC2000D349A3 /* Project object */ = {
			isa = PBXProject;
			attributes = {
				BuildIndependentTargetsInParallel = 1;
				LastSwiftUpdateCheck = 1410;
				LastUpgradeCheck = 1410;
				TargetAttributes = {
					18CE4C51295FAC2000D349A3 = {
						CreatedOnToolsVersion = 14.1;
					};
				};
			};
			buildConfigurationList = 18CE4C4D295FAC2000D349A3 /* Build configuration list for PBXProject "test" */;
			compatibilityVersion = "Xcode 13.0";
			developmentRegion = en;
			hasScannedForEncodings = 0;
			knownRegions = (
				en,
				Base,
			);
			mainGroup = 18CE4C49295FAC2000D349A3;
			packageReferences = (
				18A6BE87296083450039B5D4 /* XCRemoteSwiftPackageReference "fmdb" */,
				18EA71BB2974E653005477CE /* XCRemoteSwiftPackageReference "AlertToast" */,
			);
			productRefGroup = 18CE4C53295FAC2000D349A3 /* Products */;
			projectDirPath = "";
			projectRoot = "";
			targets = (
				18CE4C51295FAC2000D349A3 /* test */,
			);
		};
/* End PBXProject section */

/* Begin PBXResourcesBuildPhase section */
		18CE4C50295FAC2000D349A3 /* Resources */ = {
			isa = PBXResourcesBuildPhase;
			buildActionMask = 2147483647;
			files = (
				18A6BEF1296211DB0039B5D4 /* Breakfast.mp3 in Resources */,
				18A6BF00296211FD0039B5D4 /* MynameisMichael.mp3 in Resources */,
				18A6BEFF296211FD0039B5D4 /* No.mp3 in Resources */,
				18A6BF02296211FD0039B5D4 /* Yes.mp3 in Resources */,
				18A6BEEE296211C90039B5D4 /* 3softtacos.mp3 in Resources */,
				18A6BF01296211FD0039B5D4 /* Food.mp3 in Resources */,
				18CE4C5D295FAC2400D349A3 /* Preview Assets.xcassets in Resources */,
				18A6BEFE296211FD0039B5D4 /* I_need_help.mp3 in Resources */,
				18A6BF06296359B40039B5D4 /* Settings.bundle in Resources */,
				18A6BEEC2960ECB60039B5D4 /* Needs.mp3 in Resources */,
				18CE4C5A295FAC2400D349A3 /* Assets.xcassets in Resources */,
				18A6BEF2296211DB0039B5D4 /* Drinks.mp3 in Resources */,
				18A6BEFD296211FD0039B5D4 /* Lunch_Dinner.mp3 in Resources */,
				18A6BEFC296211FD0039B5D4 /* Greetings_Manners.mp3 in Resources */,
				18A6BEFB296211FD0039B5D4 /* Snack.mp3 in Resources */,
				18D89A422969086000BAF565 /* sample.sqlite in Resources */,
			);
			runOnlyForDeploymentPostprocessing = 0;
		};
/* End PBXResourcesBuildPhase section */

/* Begin PBXSourcesBuildPhase section */
		18CE4C4E295FAC2000D349A3 /* Sources */ = {
			isa = PBXSourcesBuildPhase;
			buildActionMask = 2147483647;
			files = (
				182702C1297BF871009C3B12 /* Author.swift in Sources */,
				1886DBB529CFBC1D00CF4011 /* Convertable.swift in Sources */,
				18D5572029B50D6F00DE584B /* LibraryDialog.swift in Sources */,
				18CE4C58295FAC2000D349A3 /* BoardView.swift in Sources */,
				18EA71BF2974FDFA005477CE /* AppState.swift in Sources */,
				18A6BE81295FB1B80039B5D4 /* File.swift in Sources */,
				18A6BEA82960BCCB0039B5D4 /* ContentView.swift in Sources */,
				18EA71C129750667005477CE /* VolumeSlider.swift in Sources */,
				182702D32981E49B009C3B12 /* PhraseBarView.swift in Sources */,
				182702CD297D5FF4009C3B12 /* Media.swift in Sources */,
				18A6BEA4296089CC0039B5D4 /* Board.swift in Sources */,
				182702C3297C01BE009C3B12 /* About.swift in Sources */,
				1843E630296BBFC800663122 /* SharingDialog.swift in Sources */,
				18E02A2129D9E8030057E4C3 /* Rotate.swift in Sources */,
				182702C9297C25F5009C3B12 /* UserValidation.swift in Sources */,
				18A6BF04296253060039B5D4 /* AppContainer.swift in Sources */,
				187FFB0D29D85D6B00D91F66 /* EditCell.swift in Sources */,
				1886DBB729CFBC1D00CF4011 /* Library.swift in Sources */,
				182702CB297C5452009C3B12 /* NewDatabase.swift in Sources */,
				182702C7297C1816009C3B12 /* Network.swift in Sources */,
				1886DBB629CFBC1D00CF4011 /* GetPost.swift in Sources */,
				18CE4C56295FAC2000D349A3 /* testApp.swift in Sources */,
				18EA71C92975B889005477CE /* ContentGridCell.swift in Sources */,
				18C245A929FD814500008D38 /* BoardSortOrder.swift in Sources */,
				18EA71CB2978EC19005477CE /* Speak.swift in Sources */,
				182702D12981E1F2009C3B12 /* PhraseBar.swift in Sources */,
				18EA71C329750A39005477CE /* VolumeDialog.swift in Sources */,
				182702D529874ED1009C3B12 /* Query.swift in Sources */,
				18EA71C52975B18E005477CE /* DisclosureIndicator.swift in Sources */,
				18A6BE8429607FA30039B5D4 /* BoardState.swift in Sources */,
				1886DBB929CFBC4400CF4011 /* LibraryView.swift in Sources */,
				18EA71C72975B1D8005477CE /* ContentListRow.swift in Sources */,
				18A6BEA62960A8B70039B5D4 /* Content.swift in Sources */,
				182702C5297C17F0009C3B12 /* User.swift in Sources */,
			);
			runOnlyForDeploymentPostprocessing = 0;
		};
/* End PBXSourcesBuildPhase section */

/* Begin XCBuildConfiguration section */
		18CE4C5E295FAC2400D349A3 /* Debug */ = {
			isa = XCBuildConfiguration;
			buildSettings = {
				ALWAYS_SEARCH_USER_PATHS = NO;
				CLANG_ANALYZER_NONNULL = YES;
				CLANG_ANALYZER_NUMBER_OBJECT_CONVERSION = YES_AGGRESSIVE;
				CLANG_CXX_LANGUAGE_STANDARD = "gnu++20";
				CLANG_ENABLE_MODULES = YES;
				CLANG_ENABLE_OBJC_ARC = YES;
				CLANG_ENABLE_OBJC_WEAK = YES;
				CLANG_WARN_BLOCK_CAPTURE_AUTORELEASING = YES;
				CLANG_WARN_BOOL_CONVERSION = YES;
				CLANG_WARN_COMMA = YES;
				CLANG_WARN_CONSTANT_CONVERSION = YES;
				CLANG_WARN_DEPRECATED_OBJC_IMPLEMENTATIONS = YES;
				CLANG_WARN_DIRECT_OBJC_ISA_USAGE = YES_ERROR;
				CLANG_WARN_DOCUMENTATION_COMMENTS = YES;
				CLANG_WARN_EMPTY_BODY = YES;
				CLANG_WARN_ENUM_CONVERSION = YES;
				CLANG_WARN_INFINITE_RECURSION = YES;
				CLANG_WARN_INT_CONVERSION = YES;
				CLANG_WARN_NON_LITERAL_NULL_CONVERSION = YES;
				CLANG_WARN_OBJC_IMPLICIT_RETAIN_SELF = YES;
				CLANG_WARN_OBJC_LITERAL_CONVERSION = YES;
				CLANG_WARN_OBJC_ROOT_CLASS = YES_ERROR;
				CLANG_WARN_QUOTED_INCLUDE_IN_FRAMEWORK_HEADER = YES;
				CLANG_WARN_RANGE_LOOP_ANALYSIS = YES;
				CLANG_WARN_STRICT_PROTOTYPES = YES;
				CLANG_WARN_SUSPICIOUS_MOVE = YES;
				CLANG_WARN_UNGUARDED_AVAILABILITY = YES_AGGRESSIVE;
				CLANG_WARN_UNREACHABLE_CODE = YES;
				CLANG_WARN__DUPLICATE_METHOD_MATCH = YES;
				COPY_PHASE_STRIP = NO;
				DEBUG_INFORMATION_FORMAT = dwarf;
				ENABLE_STRICT_OBJC_MSGSEND = YES;
				ENABLE_TESTABILITY = YES;
				GCC_C_LANGUAGE_STANDARD = gnu11;
				GCC_DYNAMIC_NO_PIC = NO;
				GCC_NO_COMMON_BLOCKS = YES;
				GCC_OPTIMIZATION_LEVEL = 0;
				GCC_PREPROCESSOR_DEFINITIONS = (
					"DEBUG=1",
					"$(inherited)",
				);
				GCC_WARN_64_TO_32_BIT_CONVERSION = YES;
				GCC_WARN_ABOUT_RETURN_TYPE = YES_ERROR;
				GCC_WARN_UNDECLARED_SELECTOR = YES;
				GCC_WARN_UNINITIALIZED_AUTOS = YES_AGGRESSIVE;
				GCC_WARN_UNUSED_FUNCTION = YES;
				GCC_WARN_UNUSED_VARIABLE = YES;
				IPHONEOS_DEPLOYMENT_TARGET = 16.0;
				MTL_ENABLE_DEBUG_INFO = INCLUDE_SOURCE;
				MTL_FAST_MATH = YES;
				ONLY_ACTIVE_ARCH = YES;
				SDKROOT = iphoneos;
				SWIFT_ACTIVE_COMPILATION_CONDITIONS = DEBUG;
				SWIFT_OPTIMIZATION_LEVEL = "-Onone";
			};
			name = Debug;
		};
		18CE4C5F295FAC2400D349A3 /* Release */ = {
			isa = XCBuildConfiguration;
			buildSettings = {
				ALWAYS_SEARCH_USER_PATHS = NO;
				CLANG_ANALYZER_NONNULL = YES;
				CLANG_ANALYZER_NUMBER_OBJECT_CONVERSION = YES_AGGRESSIVE;
				CLANG_CXX_LANGUAGE_STANDARD = "gnu++20";
				CLANG_ENABLE_MODULES = YES;
				CLANG_ENABLE_OBJC_ARC = YES;
				CLANG_ENABLE_OBJC_WEAK = YES;
				CLANG_WARN_BLOCK_CAPTURE_AUTORELEASING = YES;
				CLANG_WARN_BOOL_CONVERSION = YES;
				CLANG_WARN_COMMA = YES;
				CLANG_WARN_CONSTANT_CONVERSION = YES;
				CLANG_WARN_DEPRECATED_OBJC_IMPLEMENTATIONS = YES;
				CLANG_WARN_DIRECT_OBJC_ISA_USAGE = YES_ERROR;
				CLANG_WARN_DOCUMENTATION_COMMENTS = YES;
				CLANG_WARN_EMPTY_BODY = YES;
				CLANG_WARN_ENUM_CONVERSION = YES;
				CLANG_WARN_INFINITE_RECURSION = YES;
				CLANG_WARN_INT_CONVERSION = YES;
				CLANG_WARN_NON_LITERAL_NULL_CONVERSION = YES;
				CLANG_WARN_OBJC_IMPLICIT_RETAIN_SELF = YES;
				CLANG_WARN_OBJC_LITERAL_CONVERSION = YES;
				CLANG_WARN_OBJC_ROOT_CLASS = YES_ERROR;
				CLANG_WARN_QUOTED_INCLUDE_IN_FRAMEWORK_HEADER = YES;
				CLANG_WARN_RANGE_LOOP_ANALYSIS = YES;
				CLANG_WARN_STRICT_PROTOTYPES = YES;
				CLANG_WARN_SUSPICIOUS_MOVE = YES;
				CLANG_WARN_UNGUARDED_AVAILABILITY = YES_AGGRESSIVE;
				CLANG_WARN_UNREACHABLE_CODE = YES;
				CLANG_WARN__DUPLICATE_METHOD_MATCH = YES;
				COPY_PHASE_STRIP = NO;
				DEBUG_INFORMATION_FORMAT = "dwarf-with-dsym";
				ENABLE_NS_ASSERTIONS = NO;
				ENABLE_STRICT_OBJC_MSGSEND = YES;
				GCC_C_LANGUAGE_STANDARD = gnu11;
				GCC_NO_COMMON_BLOCKS = YES;
				GCC_WARN_64_TO_32_BIT_CONVERSION = YES;
				GCC_WARN_ABOUT_RETURN_TYPE = YES_ERROR;
				GCC_WARN_UNDECLARED_SELECTOR = YES;
				GCC_WARN_UNINITIALIZED_AUTOS = YES_AGGRESSIVE;
				GCC_WARN_UNUSED_FUNCTION = YES;
				GCC_WARN_UNUSED_VARIABLE = YES;
				IPHONEOS_DEPLOYMENT_TARGET = 16.0;
				MTL_ENABLE_DEBUG_INFO = NO;
				MTL_FAST_MATH = YES;
				SDKROOT = iphoneos;
				SWIFT_COMPILATION_MODE = wholemodule;
				SWIFT_OPTIMIZATION_LEVEL = "-O";
				VALIDATE_PRODUCT = YES;
			};
			name = Release;
		};
		18CE4C61295FAC2400D349A3 /* Debug */ = {
			isa = XCBuildConfiguration;
			buildSettings = {
				ASSETCATALOG_COMPILER_APPICON_NAME = AppIcon;
				ASSETCATALOG_COMPILER_GLOBAL_ACCENT_COLOR_NAME = AccentColor;
				CODE_SIGN_ENTITLEMENTS = test/test.entitlements;
				CODE_SIGN_IDENTITY = "Apple Development";
				CODE_SIGN_STYLE = Automatic;
				CURRENT_PROJECT_VERSION = 1;
				DEVELOPMENT_ASSET_PATHS = "\"test/Preview Content\"";
				DEVELOPMENT_TEAM = 3LVLRY2458;
				ENABLE_PREVIEWS = YES;
				GENERATE_INFOPLIST_FILE = YES;
				INFOPLIST_FILE = test/Info.plist;
				INFOPLIST_KEY_UIApplicationSceneManifest_Generation = YES;
				INFOPLIST_KEY_UIApplicationSupportsIndirectInputEvents = YES;
				INFOPLIST_KEY_UILaunchScreen_Generation = YES;
				INFOPLIST_KEY_UISupportedInterfaceOrientations = "UIInterfaceOrientationLandscapeLeft UIInterfaceOrientationLandscapeRight UIInterfaceOrientationPortrait UIInterfaceOrientationPortraitUpsideDown";
				IPHONEOS_DEPLOYMENT_TARGET = 16.0;
				LD_RUNPATH_SEARCH_PATHS = (
					"$(inherited)",
					"@executable_path/Frameworks",
				);
				MARKETING_VERSION = 1.0;
				PRODUCT_BUNDLE_IDENTIFIER = com.mytalk.mytalktools.test;
				PRODUCT_NAME = "$(TARGET_NAME)";
				PROVISIONING_PROFILE_SPECIFIER = "";
				SUPPORTED_PLATFORMS = "iphoneos iphonesimulator";
				SUPPORTS_MACCATALYST = YES;
				SUPPORTS_MAC_DESIGNED_FOR_IPHONE_IPAD = NO;
				SWIFT_EMIT_LOC_STRINGS = YES;
				SWIFT_VERSION = 5.0;
				TARGETED_DEVICE_FAMILY = "1,2";
			};
			name = Debug;
		};
		18CE4C62295FAC2400D349A3 /* Release */ = {
			isa = XCBuildConfiguration;
			buildSettings = {
				ASSETCATALOG_COMPILER_APPICON_NAME = AppIcon;
				ASSETCATALOG_COMPILER_GLOBAL_ACCENT_COLOR_NAME = AccentColor;
				CODE_SIGN_ENTITLEMENTS = test/test.entitlements;
				CODE_SIGN_IDENTITY = "Apple Development";
				CODE_SIGN_STYLE = Automatic;
				CURRENT_PROJECT_VERSION = 1;
				DEVELOPMENT_ASSET_PATHS = "\"test/Preview Content\"";
				DEVELOPMENT_TEAM = 3LVLRY2458;
				ENABLE_PREVIEWS = YES;
				GENERATE_INFOPLIST_FILE = YES;
				INFOPLIST_FILE = test/Info.plist;
				INFOPLIST_KEY_UIApplicationSceneManifest_Generation = YES;
				INFOPLIST_KEY_UIApplicationSupportsIndirectInputEvents = YES;
				INFOPLIST_KEY_UILaunchScreen_Generation = YES;
				INFOPLIST_KEY_UISupportedInterfaceOrientations = "UIInterfaceOrientationLandscapeLeft UIInterfaceOrientationLandscapeRight UIInterfaceOrientationPortrait UIInterfaceOrientationPortraitUpsideDown";
				IPHONEOS_DEPLOYMENT_TARGET = 16.0;
				LD_RUNPATH_SEARCH_PATHS = (
					"$(inherited)",
					"@executable_path/Frameworks",
				);
				MARKETING_VERSION = 1.0;
				PRODUCT_BUNDLE_IDENTIFIER = com.mytalk.mytalktools.test;
				PRODUCT_NAME = "$(TARGET_NAME)";
				PROVISIONING_PROFILE_SPECIFIER = "";
				SUPPORTED_PLATFORMS = "iphoneos iphonesimulator";
				SUPPORTS_MACCATALYST = YES;
				SUPPORTS_MAC_DESIGNED_FOR_IPHONE_IPAD = NO;
				SWIFT_EMIT_LOC_STRINGS = YES;
				SWIFT_VERSION = 5.0;
				TARGETED_DEVICE_FAMILY = "1,2";
			};
			name = Release;
		};
/* End XCBuildConfiguration section */

/* Begin XCConfigurationList section */
		18CE4C4D295FAC2000D349A3 /* Build configuration list for PBXProject "test" */ = {
			isa = XCConfigurationList;
			buildConfigurations = (
				18CE4C5E295FAC2400D349A3 /* Debug */,
				18CE4C5F295FAC2400D349A3 /* Release */,
			);
			defaultConfigurationIsVisible = 0;
			defaultConfigurationName = Release;
		};
		18CE4C60295FAC2400D349A3 /* Build configuration list for PBXNativeTarget "test" */ = {
			isa = XCConfigurationList;
			buildConfigurations = (
				18CE4C61295FAC2400D349A3 /* Debug */,
				18CE4C62295FAC2400D349A3 /* Release */,
			);
			defaultConfigurationIsVisible = 0;
			defaultConfigurationName = Release;
		};
/* End XCConfigurationList section */

/* Begin XCRemoteSwiftPackageReference section */
		18A6BE87296083450039B5D4 /* XCRemoteSwiftPackageReference "fmdb" */ = {
			isa = XCRemoteSwiftPackageReference;
			repositoryURL = "https://github.com/ccgus/fmdb";
			requirement = {
				kind = upToNextMajorVersion;
				minimumVersion = 2.0.0;
			};
		};
		18EA71BB2974E653005477CE /* XCRemoteSwiftPackageReference "AlertToast" */ = {
			isa = XCRemoteSwiftPackageReference;
			repositoryURL = "https://github.com/elai950/AlertToast.git";
			requirement = {
				kind = upToNextMajorVersion;
				minimumVersion = 1.0.0;
			};
		};
/* End XCRemoteSwiftPackageReference section */

/* Begin XCSwiftPackageProductDependency section */
		18A6BE88296083450039B5D4 /* FMDB */ = {
			isa = XCSwiftPackageProductDependency;
			package = 18A6BE87296083450039B5D4 /* XCRemoteSwiftPackageReference "fmdb" */;
			productName = FMDB;
		};
		18EA71BC2974E653005477CE /* AlertToast */ = {
			isa = XCSwiftPackageProductDependency;
			package = 18EA71BB2974E653005477CE /* XCRemoteSwiftPackageReference "AlertToast" */;
			productName = AlertToast;
		};
/* End XCSwiftPackageProductDependency section */
	};
	rootObject = 18CE4C4A295FAC2000D349A3 /* Project object */;
}
